// !$*UTF8*$!
{
	archiveVersion = 1;
	classes = {
	};
	objectVersion = 56;
	objects = {

/* Begin PBXBuildFile section */
		699E02A62A2F010F00B7F70F /* AppDelegate.swift in Sources */ = {isa = PBXBuildFile; fileRef = 699E02A52A2F010F00B7F70F /* AppDelegate.swift */; };
		699E02AF2A2F011200B7F70F /* Assets.xcassets in Resources */ = {isa = PBXBuildFile; fileRef = 699E02AE2A2F011200B7F70F /* Assets.xcassets */; };
		699E02B22A2F011200B7F70F /* LaunchScreen.storyboard in Resources */ = {isa = PBXBuildFile; fileRef = 699E02B02A2F011200B7F70F /* LaunchScreen.storyboard */; };
		699E02BC2A2F02CD00B7F70F /* MainViewController.swift in Sources */ = {isa = PBXBuildFile; fileRef = 699E02BA2A2F02CD00B7F70F /* MainViewController.swift */; };
		699E02BD2A2F02CD00B7F70F /* MainViewController.xib in Resources */ = {isa = PBXBuildFile; fileRef = 699E02BB2A2F02CD00B7F70F /* MainViewController.xib */; };
		699E02C72A2F0D3F00B7F70F /* MainViewController+TableView.swift in Sources */ = {isa = PBXBuildFile; fileRef = 699E02C62A2F0D3F00B7F70F /* MainViewController+TableView.swift */; };
		699E02C92A2F0E4400B7F70F /* MainViewModel.swift in Sources */ = {isa = PBXBuildFile; fileRef = 699E02C82A2F0E4400B7F70F /* MainViewModel.swift */; };
		699E02CB2A2F150A00B7F70F /* NetworkConstant.swift in Sources */ = {isa = PBXBuildFile; fileRef = 699E02CA2A2F150A00B7F70F /* NetworkConstant.swift */; };
		699E02CD2A2F168A00B7F70F /* APICaller.swift in Sources */ = {isa = PBXBuildFile; fileRef = 699E02CC2A2F168A00B7F70F /* APICaller.swift */; };
		699E02CF2A2F16DB00B7F70F /* TrendingMoviesModel.swift in Sources */ = {isa = PBXBuildFile; fileRef = 699E02CE2A2F16DB00B7F70F /* TrendingMoviesModel.swift */; };
		699E02D12A2F1F5A00B7F70F /* Observable.swift in Sources */ = {isa = PBXBuildFile; fileRef = 699E02D02A2F1F5A00B7F70F /* Observable.swift */; };
		699E02D52A2F41CE00B7F70F /* MainMovieCell.swift in Sources */ = {isa = PBXBuildFile; fileRef = 699E02D32A2F41CE00B7F70F /* MainMovieCell.swift */; };
		699E02D62A2F41CE00B7F70F /* MainMovieCell.xib in Resources */ = {isa = PBXBuildFile; fileRef = 699E02D42A2F41CE00B7F70F /* MainMovieCell.xib */; };
		699E02D82A2F489B00B7F70F /* UIViewExtensions.swift in Sources */ = {isa = PBXBuildFile; fileRef = 699E02D72A2F489B00B7F70F /* UIViewExtensions.swift */; };
		699E02DA2A2F4CE800B7F70F /* MovieTableCellViewModel.swift in Sources */ = {isa = PBXBuildFile; fileRef = 699E02D92A2F4CE800B7F70F /* MovieTableCellViewModel.swift */; };
		699E02DD2A2F4F1500B7F70F /* SDWebImage in Frameworks */ = {isa = PBXBuildFile; productRef = 699E02DC2A2F4F1500B7F70F /* SDWebImage */; };
		699E02E12A2F58E800B7F70F /* DetailsMovieViewController.swift in Sources */ = {isa = PBXBuildFile; fileRef = 699E02DF2A2F58E800B7F70F /* DetailsMovieViewController.swift */; };
		699E02E22A2F58E800B7F70F /* DetailsMovieViewController.xib in Resources */ = {isa = PBXBuildFile; fileRef = 699E02E02A2F58E800B7F70F /* DetailsMovieViewController.xib */; };
		699E02E42A2F5D3200B7F70F /* DetailsMovieViewModel.swift in Sources */ = {isa = PBXBuildFile; fileRef = 699E02E32A2F5D3200B7F70F /* DetailsMovieViewModel.swift */; };
/* End PBXBuildFile section */

/* Begin PBXFileReference section */
		699E02A22A2F010F00B7F70F /* MovieTrendingApp.app */ = {isa = PBXFileReference; explicitFileType = wrapper.application; includeInIndex = 0; path = MovieTrendingApp.app; sourceTree = BUILT_PRODUCTS_DIR; };
		699E02A52A2F010F00B7F70F /* AppDelegate.swift */ = {isa = PBXFileReference; lastKnownFileType = sourcecode.swift; path = AppDelegate.swift; sourceTree = "<group>"; };
		699E02AE2A2F011200B7F70F /* Assets.xcassets */ = {isa = PBXFileReference; lastKnownFileType = folder.assetcatalog; path = Assets.xcassets; sourceTree = "<group>"; };
		699E02B12A2F011200B7F70F /* Base */ = {isa = PBXFileReference; lastKnownFileType = file.storyboard; name = Base; path = Base.lproj/LaunchScreen.storyboard; sourceTree = "<group>"; };
		699E02B32A2F011200B7F70F /* Info.plist */ = {isa = PBXFileReference; lastKnownFileType = text.plist.xml; path = Info.plist; sourceTree = "<group>"; };
		699E02BA2A2F02CD00B7F70F /* MainViewController.swift */ = {isa = PBXFileReference; lastKnownFileType = sourcecode.swift; path = MainViewController.swift; sourceTree = "<group>"; };
		699E02BB2A2F02CD00B7F70F /* MainViewController.xib */ = {isa = PBXFileReference; lastKnownFileType = file.xib; path = MainViewController.xib; sourceTree = "<group>"; };
		699E02C62A2F0D3F00B7F70F /* MainViewController+TableView.swift */ = {isa = PBXFileReference; lastKnownFileType = sourcecode.swift; path = "MainViewController+TableView.swift"; sourceTree = "<group>"; };
		699E02C82A2F0E4400B7F70F /* MainViewModel.swift */ = {isa = PBXFileReference; lastKnownFileType = sourcecode.swift; path = MainViewModel.swift; sourceTree = "<group>"; };
		699E02CA2A2F150A00B7F70F /* NetworkConstant.swift */ = {isa = PBXFileReference; lastKnownFileType = sourcecode.swift; path = NetworkConstant.swift; sourceTree = "<group>"; };
		699E02CC2A2F168A00B7F70F /* APICaller.swift */ = {isa = PBXFileReference; lastKnownFileType = sourcecode.swift; path = APICaller.swift; sourceTree = "<group>"; };
		699E02CE2A2F16DB00B7F70F /* TrendingMoviesModel.swift */ = {isa = PBXFileReference; lastKnownFileType = sourcecode.swift; path = TrendingMoviesModel.swift; sourceTree = "<group>"; };
		699E02D02A2F1F5A00B7F70F /* Observable.swift */ = {isa = PBXFileReference; lastKnownFileType = sourcecode.swift; path = Observable.swift; sourceTree = "<group>"; };
		699E02D32A2F41CE00B7F70F /* MainMovieCell.swift */ = {isa = PBXFileReference; lastKnownFileType = sourcecode.swift; path = MainMovieCell.swift; sourceTree = "<group>"; };
		699E02D42A2F41CE00B7F70F /* MainMovieCell.xib */ = {isa = PBXFileReference; lastKnownFileType = file.xib; path = MainMovieCell.xib; sourceTree = "<group>"; };
		699E02D72A2F489B00B7F70F /* UIViewExtensions.swift */ = {isa = PBXFileReference; lastKnownFileType = sourcecode.swift; path = UIViewExtensions.swift; sourceTree = "<group>"; };
		699E02D92A2F4CE800B7F70F /* MovieTableCellViewModel.swift */ = {isa = PBXFileReference; lastKnownFileType = sourcecode.swift; path = MovieTableCellViewModel.swift; sourceTree = "<group>"; };
		699E02DF2A2F58E800B7F70F /* DetailsMovieViewController.swift */ = {isa = PBXFileReference; lastKnownFileType = sourcecode.swift; path = DetailsMovieViewController.swift; sourceTree = "<group>"; };
		699E02E02A2F58E800B7F70F /* DetailsMovieViewController.xib */ = {isa = PBXFileReference; lastKnownFileType = file.xib; path = DetailsMovieViewController.xib; sourceTree = "<group>"; };
		699E02E32A2F5D3200B7F70F /* DetailsMovieViewModel.swift */ = {isa = PBXFileReference; lastKnownFileType = sourcecode.swift; path = DetailsMovieViewModel.swift; sourceTree = "<group>"; };
/* End PBXFileReference section */

/* Begin PBXFrameworksBuildPhase section */
		699E029F2A2F010F00B7F70F /* Frameworks */ = {
			isa = PBXFrameworksBuildPhase;
			buildActionMask = 2147483647;
			files = (
				699E02DD2A2F4F1500B7F70F /* SDWebImage in Frameworks */,
			);
			runOnlyForDeploymentPostprocessing = 0;
		};
/* End PBXFrameworksBuildPhase section */

/* Begin PBXGroup section */
		699E02992A2F010E00B7F70F = {
			isa = PBXGroup;
			children = (
				699E02A42A2F010F00B7F70F /* MovieTrendingApp */,
				699E02A32A2F010F00B7F70F /* Products */,
			);
			sourceTree = "<group>";
		};
		699E02A32A2F010F00B7F70F /* Products */ = {
			isa = PBXGroup;
			children = (
				699E02A22A2F010F00B7F70F /* MovieTrendingApp.app */,
			);
			name = Products;
			sourceTree = "<group>";
		};
		699E02A42A2F010F00B7F70F /* MovieTrendingApp */ = {
			isa = PBXGroup;
			children = (
				699E02C52A2F091700B7F70F /* Controllers */,
				699E02C42A2F090700B7F70F /* ViewModels */,
				699E02C32A2F090000B7F70F /* Views */,
				699E02C22A2F08FA00B7F70F /* Models */,
				699E02C12A2F08E400B7F70F /* Resources */,
				699E02C02A2F08DC00B7F70F /* Classes */,
				699E02BF2A2F08D300B7F70F /* Extensions */,
				699E02BE2A2F08C800B7F70F /* Networking */,
				699E02A52A2F010F00B7F70F /* AppDelegate.swift */,
				699E02B02A2F011200B7F70F /* LaunchScreen.storyboard */,
				699E02B32A2F011200B7F70F /* Info.plist */,
			);
			path = MovieTrendingApp;
			sourceTree = "<group>";
		};
		699E02B92A2F029C00B7F70F /* MainViewController */ = {
			isa = PBXGroup;
			children = (
				699E02BA2A2F02CD00B7F70F /* MainViewController.swift */,
				699E02BB2A2F02CD00B7F70F /* MainViewController.xib */,
				699E02C62A2F0D3F00B7F70F /* MainViewController+TableView.swift */,
			);
			path = MainViewController;
			sourceTree = "<group>";
		};
		699E02BE2A2F08C800B7F70F /* Networking */ = {
			isa = PBXGroup;
			children = (
				699E02CA2A2F150A00B7F70F /* NetworkConstant.swift */,
				699E02CC2A2F168A00B7F70F /* APICaller.swift */,
			);
			path = Networking;
			sourceTree = "<group>";
		};
		699E02BF2A2F08D300B7F70F /* Extensions */ = {
			isa = PBXGroup;
			children = (
				699E02D72A2F489B00B7F70F /* UIViewExtensions.swift */,
			);
			path = Extensions;
			sourceTree = "<group>";
		};
		699E02C02A2F08DC00B7F70F /* Classes */ = {
			isa = PBXGroup;
			children = (
				699E02D02A2F1F5A00B7F70F /* Observable.swift */,
			);
			path = Classes;
			sourceTree = "<group>";
		};
		699E02C12A2F08E400B7F70F /* Resources */ = {
			isa = PBXGroup;
			children = (
				699E02AE2A2F011200B7F70F /* Assets.xcassets */,
			);
			path = Resources;
			sourceTree = "<group>";
		};
		699E02C22A2F08FA00B7F70F /* Models */ = {
			isa = PBXGroup;
			children = (
				699E02CE2A2F16DB00B7F70F /* TrendingMoviesModel.swift */,
			);
			path = Models;
			sourceTree = "<group>";
		};
		699E02C32A2F090000B7F70F /* Views */ = {
			isa = PBXGroup;
			children = (
				699E02D22A2F41AC00B7F70F /* MainMovieCell */,
			);
			path = Views;
			sourceTree = "<group>";
		};
		699E02C42A2F090700B7F70F /* ViewModels */ = {
			isa = PBXGroup;
			children = (
				699E02C82A2F0E4400B7F70F /* MainViewModel.swift */,
				699E02D92A2F4CE800B7F70F /* MovieTableCellViewModel.swift */,
				699E02E32A2F5D3200B7F70F /* DetailsMovieViewModel.swift */,
			);
			path = ViewModels;
			sourceTree = "<group>";
		};
		699E02C52A2F091700B7F70F /* Controllers */ = {
			isa = PBXGroup;
			children = (
				699E02DE2A2F58B600B7F70F /* DetailsMovieViewController */,
				699E02B92A2F029C00B7F70F /* MainViewController */,
			);
			path = Controllers;
			sourceTree = "<group>";
		};
		699E02D22A2F41AC00B7F70F /* MainMovieCell */ = {
			isa = PBXGroup;
			children = (
				699E02D32A2F41CE00B7F70F /* MainMovieCell.swift */,
				699E02D42A2F41CE00B7F70F /* MainMovieCell.xib */,
			);
			path = MainMovieCell;
			sourceTree = "<group>";
		};
		699E02DE2A2F58B600B7F70F /* DetailsMovieViewController */ = {
			isa = PBXGroup;
			children = (
				699E02DF2A2F58E800B7F70F /* DetailsMovieViewController.swift */,
				699E02E02A2F58E800B7F70F /* DetailsMovieViewController.xib */,
			);
			path = DetailsMovieViewController;
			sourceTree = "<group>";
		};
/* End PBXGroup section */

/* Begin PBXNativeTarget section */
		699E02A12A2F010F00B7F70F /* MovieTrendingApp */ = {
			isa = PBXNativeTarget;
			buildConfigurationList = 699E02B62A2F011200B7F70F /* Build configuration list for PBXNativeTarget "MovieTrendingApp" */;
			buildPhases = (
				699E029E2A2F010F00B7F70F /* Sources */,
				699E029F2A2F010F00B7F70F /* Frameworks */,
				699E02A02A2F010F00B7F70F /* Resources */,
			);
			buildRules = (
			);
			dependencies = (
			);
			name = MovieTrendingApp;
			packageProductDependencies = (
				699E02DC2A2F4F1500B7F70F /* SDWebImage */,
			);
			productName = MovieTrendingApp;
			productReference = 699E02A22A2F010F00B7F70F /* MovieTrendingApp.app */;
			productType = "com.apple.product-type.application";
		};
/* End PBXNativeTarget section */

/* Begin PBXProject section */
		699E029A2A2F010E00B7F70F /* Project object */ = {
			isa = PBXProject;
			attributes = {
				BuildIndependentTargetsInParallel = 1;
				LastSwiftUpdateCheck = 1430;
				LastUpgradeCheck = 1430;
				TargetAttributes = {
					699E02A12A2F010F00B7F70F = {
						CreatedOnToolsVersion = 14.3;
					};
				};
			};
			buildConfigurationList = 699E029D2A2F010E00B7F70F /* Build configuration list for PBXProject "MovieTrendingApp" */;
			compatibilityVersion = "Xcode 14.0";
			developmentRegion = en;
			hasScannedForEncodings = 0;
			knownRegions = (
				en,
				Base,
			);
			mainGroup = 699E02992A2F010E00B7F70F;
			packageReferences = (
				699E02DB2A2F4F1500B7F70F /* XCRemoteSwiftPackageReference "SDWebImage" */,
			);
			productRefGroup = 699E02A32A2F010F00B7F70F /* Products */;
			projectDirPath = "";
			projectRoot = "";
			targets = (
				699E02A12A2F010F00B7F70F /* MovieTrendingApp */,
			);
		};
/* End PBXProject section */

/* Begin PBXResourcesBuildPhase section */
		699E02A02A2F010F00B7F70F /* Resources */ = {
			isa = PBXResourcesBuildPhase;
			buildActionMask = 2147483647;
			files = (
				699E02B22A2F011200B7F70F /* LaunchScreen.storyboard in Resources */,
				699E02BD2A2F02CD00B7F70F /* MainViewController.xib in Resources */,
				699E02AF2A2F011200B7F70F /* Assets.xcassets in Resources */,
				699E02E22A2F58E800B7F70F /* DetailsMovieViewController.xib in Resources */,
				699E02D62A2F41CE00B7F70F /* MainMovieCell.xib in Resources */,
			);
			runOnlyForDeploymentPostprocessing = 0;
		};
/* End PBXResourcesBuildPhase section */

/* Begin PBXSourcesBuildPhase section */
		699E029E2A2F010F00B7F70F /* Sources */ = {
			isa = PBXSourcesBuildPhase;
			buildActionMask = 2147483647;
			files = (
				699E02D12A2F1F5A00B7F70F /* Observable.swift in Sources */,
				699E02D52A2F41CE00B7F70F /* MainMovieCell.swift in Sources */,
				699E02A62A2F010F00B7F70F /* AppDelegate.swift in Sources */,
				699E02CD2A2F168A00B7F70F /* APICaller.swift in Sources */,
				699E02E12A2F58E800B7F70F /* DetailsMovieViewController.swift in Sources */,
				699E02C72A2F0D3F00B7F70F /* MainViewController+TableView.swift in Sources */,
				699E02BC2A2F02CD00B7F70F /* MainViewController.swift in Sources */,
				699E02D82A2F489B00B7F70F /* UIViewExtensions.swift in Sources */,
				699E02DA2A2F4CE800B7F70F /* MovieTableCellViewModel.swift in Sources */,
				699E02CB2A2F150A00B7F70F /* NetworkConstant.swift in Sources */,
				699E02E42A2F5D3200B7F70F /* DetailsMovieViewModel.swift in Sources */,
				699E02C92A2F0E4400B7F70F /* MainViewModel.swift in Sources */,
				699E02CF2A2F16DB00B7F70F /* TrendingMoviesModel.swift in Sources */,
			);
			runOnlyForDeploymentPostprocessing = 0;
		};
/* End PBXSourcesBuildPhase section */

/* Begin PBXVariantGroup section */
		699E02B02A2F011200B7F70F /* LaunchScreen.storyboard */ = {
			isa = PBXVariantGroup;
			children = (
				699E02B12A2F011200B7F70F /* Base */,
			);
			name = LaunchScreen.storyboard;
			sourceTree = "<group>";
		};
/* End PBXVariantGroup section */

/* Begin XCBuildConfiguration section */
		699E02B42A2F011200B7F70F /* Debug */ = {
			isa = XCBuildConfiguration;
			buildSettings = {
				ALWAYS_SEARCH_USER_PATHS = NO;
				CLANG_ANALYZER_NONNULL = YES;
				CLANG_ANALYZER_NUMBER_OBJECT_CONVERSION = YES_AGGRESSIVE;
				CLANG_CXX_LANGUAGE_STANDARD = "gnu++20";
				CLANG_ENABLE_MODULES = YES;
				CLANG_ENABLE_OBJC_ARC = YES;
				CLANG_ENABLE_OBJC_WEAK = YES;
				CLANG_WARN_BLOCK_CAPTURE_AUTORELEASING = YES;
				CLANG_WARN_BOOL_CONVERSION = YES;
				CLANG_WARN_COMMA = YES;
				CLANG_WARN_CONSTANT_CONVERSION = YES;
				CLANG_WARN_DEPRECATED_OBJC_IMPLEMENTATIONS = YES;
				CLANG_WARN_DIRECT_OBJC_ISA_USAGE = YES_ERROR;
				CLANG_WARN_DOCUMENTATION_COMMENTS = YES;
				CLANG_WARN_EMPTY_BODY = YES;
				CLANG_WARN_ENUM_CONVERSION = YES;
				CLANG_WARN_INFINITE_RECURSION = YES;
				CLANG_WARN_INT_CONVERSION = YES;
				CLANG_WARN_NON_LITERAL_NULL_CONVERSION = YES;
				CLANG_WARN_OBJC_IMPLICIT_RETAIN_SELF = YES;
				CLANG_WARN_OBJC_LITERAL_CONVERSION = YES;
				CLANG_WARN_OBJC_ROOT_CLASS = YES_ERROR;
				CLANG_WARN_QUOTED_INCLUDE_IN_FRAMEWORK_HEADER = YES;
				CLANG_WARN_RANGE_LOOP_ANALYSIS = YES;
				CLANG_WARN_STRICT_PROTOTYPES = YES;
				CLANG_WARN_SUSPICIOUS_MOVE = YES;
				CLANG_WARN_UNGUARDED_AVAILABILITY = YES_AGGRESSIVE;
				CLANG_WARN_UNREACHABLE_CODE = YES;
				CLANG_WARN__DUPLICATE_METHOD_MATCH = YES;
				COPY_PHASE_STRIP = NO;
				DEBUG_INFORMATION_FORMAT = dwarf;
				ENABLE_STRICT_OBJC_MSGSEND = YES;
				ENABLE_TESTABILITY = YES;
				GCC_C_LANGUAGE_STANDARD = gnu11;
				GCC_DYNAMIC_NO_PIC = NO;
				GCC_NO_COMMON_BLOCKS = YES;
				GCC_OPTIMIZATION_LEVEL = 0;
				GCC_PREPROCESSOR_DEFINITIONS = (
					"DEBUG=1",
					"$(inherited)",
				);
				GCC_WARN_64_TO_32_BIT_CONVERSION = YES;
				GCC_WARN_ABOUT_RETURN_TYPE = YES_ERROR;
				GCC_WARN_UNDECLARED_SELECTOR = YES;
				GCC_WARN_UNINITIALIZED_AUTOS = YES_AGGRESSIVE;
				GCC_WARN_UNUSED_FUNCTION = YES;
				GCC_WARN_UNUSED_VARIABLE = YES;
				IPHONEOS_DEPLOYMENT_TARGET = 13.0;
				MTL_ENABLE_DEBUG_INFO = INCLUDE_SOURCE;
				MTL_FAST_MATH = YES;
				ONLY_ACTIVE_ARCH = YES;
				SDKROOT = iphoneos;
				SWIFT_ACTIVE_COMPILATION_CONDITIONS = DEBUG;
				SWIFT_OPTIMIZATION_LEVEL = "-Onone";
			};
			name = Debug;
		};
		699E02B52A2F011200B7F70F /* Release */ = {
			isa = XCBuildConfiguration;
			buildSettings = {
				ALWAYS_SEARCH_USER_PATHS = NO;
				CLANG_ANALYZER_NONNULL = YES;
				CLANG_ANALYZER_NUMBER_OBJECT_CONVERSION = YES_AGGRESSIVE;
				CLANG_CXX_LANGUAGE_STANDARD = "gnu++20";
				CLANG_ENABLE_MODULES = YES;
				CLANG_ENABLE_OBJC_ARC = YES;
				CLANG_ENABLE_OBJC_WEAK = YES;
				CLANG_WARN_BLOCK_CAPTURE_AUTORELEASING = YES;
				CLANG_WARN_BOOL_CONVERSION = YES;
				CLANG_WARN_COMMA = YES;
				CLANG_WARN_CONSTANT_CONVERSION = YES;
				CLANG_WARN_DEPRECATED_OBJC_IMPLEMENTATIONS = YES;
				CLANG_WARN_DIRECT_OBJC_ISA_USAGE = YES_ERROR;
				CLANG_WARN_DOCUMENTATION_COMMENTS = YES;
				CLANG_WARN_EMPTY_BODY = YES;
				CLANG_WARN_ENUM_CONVERSION = YES;
				CLANG_WARN_INFINITE_RECURSION = YES;
				CLANG_WARN_INT_CONVERSION = YES;
				CLANG_WARN_NON_LITERAL_NULL_CONVERSION = YES;
				CLANG_WARN_OBJC_IMPLICIT_RETAIN_SELF = YES;
				CLANG_WARN_OBJC_LITERAL_CONVERSION = YES;
				CLANG_WARN_OBJC_ROOT_CLASS = YES_ERROR;
				CLANG_WARN_QUOTED_INCLUDE_IN_FRAMEWORK_HEADER = YES;
				CLANG_WARN_RANGE_LOOP_ANALYSIS = YES;
				CLANG_WARN_STRICT_PROTOTYPES = YES;
				CLANG_WARN_SUSPICIOUS_MOVE = YES;
				CLANG_WARN_UNGUARDED_AVAILABILITY = YES_AGGRESSIVE;
				CLANG_WARN_UNREACHABLE_CODE = YES;
				CLANG_WARN__DUPLICATE_METHOD_MATCH = YES;
				COPY_PHASE_STRIP = NO;
				DEBUG_INFORMATION_FORMAT = "dwarf-with-dsym";
				ENABLE_NS_ASSERTIONS = NO;
				ENABLE_STRICT_OBJC_MSGSEND = YES;
				GCC_C_LANGUAGE_STANDARD = gnu11;
				GCC_NO_COMMON_BLOCKS = YES;
				GCC_WARN_64_TO_32_BIT_CONVERSION = YES;
				GCC_WARN_ABOUT_RETURN_TYPE = YES_ERROR;
				GCC_WARN_UNDECLARED_SELECTOR = YES;
				GCC_WARN_UNINITIALIZED_AUTOS = YES_AGGRESSIVE;
				GCC_WARN_UNUSED_FUNCTION = YES;
				GCC_WARN_UNUSED_VARIABLE = YES;
				IPHONEOS_DEPLOYMENT_TARGET = 13.0;
				MTL_ENABLE_DEBUG_INFO = NO;
				MTL_FAST_MATH = YES;
				SDKROOT = iphoneos;
				SWIFT_COMPILATION_MODE = wholemodule;
				SWIFT_OPTIMIZATION_LEVEL = "-O";
				VALIDATE_PRODUCT = YES;
			};
			name = Release;
		};
		699E02B72A2F011200B7F70F /* Debug */ = {
			isa = XCBuildConfiguration;
			buildSettings = {
				ASSETCATALOG_COMPILER_APPICON_NAME = AppIcon;
				ASSETCATALOG_COMPILER_GLOBAL_ACCENT_COLOR_NAME = AccentColor;
				CODE_SIGN_STYLE = Automatic;
				CURRENT_PROJECT_VERSION = 1;
				DEVELOPMENT_TEAM = FY95QQU3T6;
				GENERATE_INFOPLIST_FILE = YES;
				INFOPLIST_FILE = MovieTrendingApp/Info.plist;
				INFOPLIST_KEY_CFBundleDisplayName = "Movie Trending";
				INFOPLIST_KEY_UIApplicationSupportsIndirectInputEvents = YES;
				INFOPLIST_KEY_UILaunchStoryboardName = LaunchScreen.storyboard;
				INFOPLIST_KEY_UIStatusBarStyle = "";
				INFOPLIST_KEY_UISupportedInterfaceOrientations = UIInterfaceOrientationPortrait;
				IPHONEOS_DEPLOYMENT_TARGET = 13.0;
				LD_RUNPATH_SEARCH_PATHS = (
					"$(inherited)",
					"@executable_path/Frameworks",
				);
				MARKETING_VERSION = 1.0;
				PRODUCT_BUNDLE_IDENTIFIER = com.parthagrawal.MovieTrendingApp;
				PRODUCT_NAME = "$(TARGET_NAME)";
				SUPPORTED_PLATFORMS = "iphoneos iphonesimulator";
				SUPPORTS_MACCATALYST = NO;
				SUPPORTS_MAC_DESIGNED_FOR_IPHONE_IPAD = NO;
				SWIFT_EMIT_LOC_STRINGS = YES;
				SWIFT_VERSION = 5.0;
				TARGETED_DEVICE_FAMILY = 1;
			};
			name = Debug;
		};
		699E02B82A2F011200B7F70F /* Release */ = {
			isa = XCBuildConfiguration;
			buildSettings = {
				ASSETCATALOG_COMPILER_APPICON_NAME = AppIcon;
				ASSETCATALOG_COMPILER_GLOBAL_ACCENT_COLOR_NAME = AccentColor;
				CODE_SIGN_STYLE = Automatic;
				CURRENT_PROJECT_VERSION = 1;
				DEVELOPMENT_TEAM = FY95QQU3T6;
				GENERATE_INFOPLIST_FILE = YES;
				INFOPLIST_FILE = MovieTrendingApp/Info.plist;
				INFOPLIST_KEY_CFBundleDisplayName = "Movie Trending";
				INFOPLIST_KEY_UIApplicationSupportsIndirectInputEvents = YES;
				INFOPLIST_KEY_UILaunchStoryboardName = LaunchScreen.storyboard;
				INFOPLIST_KEY_UIStatusBarStyle = "";
				INFOPLIST_KEY_UISupportedInterfaceOrientations = UIInterfaceOrientationPortrait;
				IPHONEOS_DEPLOYMENT_TARGET = 13.0;
				LD_RUNPATH_SEARCH_PATHS = (
					"$(inherited)",
					"@executable_path/Frameworks",
				);
				MARKETING_VERSION = 1.0;
				PRODUCT_BUNDLE_IDENTIFIER = com.parthagrawal.MovieTrendingApp;
				PRODUCT_NAME = "$(TARGET_NAME)";
				SUPPORTED_PLATFORMS = "iphoneos iphonesimulator";
				SUPPORTS_MACCATALYST = NO;
				SUPPORTS_MAC_DESIGNED_FOR_IPHONE_IPAD = NO;
				SWIFT_EMIT_LOC_STRINGS = YES;
				SWIFT_VERSION = 5.0;
				TARGETED_DEVICE_FAMILY = 1;
			};
			name = Release;
		};
/* End XCBuildConfiguration section */

/* Begin XCConfigurationList section */
		699E029D2A2F010E00B7F70F /* Build configuration list for PBXProject "MovieTrendingApp" */ = {
			isa = XCConfigurationList;
			buildConfigurations = (
				699E02B42A2F011200B7F70F /* Debug */,
				699E02B52A2F011200B7F70F /* Release */,
			);
			defaultConfigurationIsVisible = 0;
			defaultConfigurationName = Release;
		};
		699E02B62A2F011200B7F70F /* Build configuration list for PBXNativeTarget "MovieTrendingApp" */ = {
			isa = XCConfigurationList;
			buildConfigurations = (
				699E02B72A2F011200B7F70F /* Debug */,
				699E02B82A2F011200B7F70F /* Release */,
			);
			defaultConfigurationIsVisible = 0;
			defaultConfigurationName = Release;
		};
/* End XCConfigurationList section */

/* Begin XCRemoteSwiftPackageReference section */
		699E02DB2A2F4F1500B7F70F /* XCRemoteSwiftPackageReference "SDWebImage" */ = {
			isa = XCRemoteSwiftPackageReference;
			repositoryURL = "https://github.com/SDWebImage/SDWebImage.git";
			requirement = {
				kind = upToNextMajorVersion;
				minimumVersion = 5.0.0;
			};
		};
/* End XCRemoteSwiftPackageReference section */

/* Begin XCSwiftPackageProductDependency section */
		699E02DC2A2F4F1500B7F70F /* SDWebImage */ = {
			isa = XCSwiftPackageProductDependency;
			package = 699E02DB2A2F4F1500B7F70F /* XCRemoteSwiftPackageReference "SDWebImage" */;
			productName = SDWebImage;
		};
/* End XCSwiftPackageProductDependency section */
	};
	rootObject = 699E029A2A2F010E00B7F70F /* Project object */;
}
